
Microsoft Visual Studio Solution File, Format Version 12.00
# Visual Studio 15
VisualStudioVersion = 15.0.26730.12
MinimumVisualStudioVersion = 10.0.40219.1
Project("{FAE04EC0-301F-11D3-BF4B-00C04F79EFBC}") = "TcpConnector", "TcpConnector\TcpConnector.csproj", "{BEB0F388-884D-4E7B-B28A-533B6F174F82}"
EndProject
Global
	GlobalSection(SolutionConfigurationPlatforms) = preSolution
		Debug|Any CPU = Debug|Any CPU
		Release|Any CPU = Release|Any CPU
	EndGlobalSection
	GlobalSection(ProjectConfigurationPlatforms) = postSolution
		{BEB0F388-884D-4E7B-B28A-533B6F174F82}.Debug|Any CPU.ActiveCfg = Debug|Any CPU
		{BEB0F388-884D-4E7B-B28A-533B6F174F82}.Debug|Any CPU.Build.0 = Debug|Any CPU
		{BEB0F388-884D-4E7B-B28A-533B6F174F82}.Release|Any CPU.ActiveCfg = Release|Any CPU
		{BEB0F388-884D-4E7B-B28A-533B6F174F82}.Release|Any CPU.Build.0 = Release|Any CPU
	EndGlobalSection
	GlobalSection(SolutionProperties) = preSolution
		HideSolutionNode = FALSE
	EndGlobalSection
	GlobalSection(ExtensibilityGlobals) = postSolution
		SolutionGuid = {91D61E06-1931-48A7-8D77-24764E549B2E}
	EndGlobalSection
EndGlobal
